// !$*UTF8*$!
{
	archiveVersion = 1;
	classes = {
	};
	objectVersion = 50;
	objects = {

/* Begin PBXBuildFile section */
		3ED39BA923E155AA008A631B /* WorkoutTimer WatchKit App.app in Embed Watch Content */ = {isa = PBXBuildFile; fileRef = 3ED39BA823E155AA008A631B /* WorkoutTimer WatchKit App.app */; settings = {ATTRIBUTES = (RemoveHeadersOnCopy, ); }; };
		3ED39BAF23E155AA008A631B /* Interface.storyboard in Resources */ = {isa = PBXBuildFile; fileRef = 3ED39BAD23E155AA008A631B /* Interface.storyboard */; };
		3ED39BB123E155AC008A631B /* Assets.xcassets in Resources */ = {isa = PBXBuildFile; fileRef = 3ED39BB023E155AC008A631B /* Assets.xcassets */; };
		3ED39BB823E155AC008A631B /* WorkoutTimer WatchKit Extension.appex in Embed App Extensions */ = {isa = PBXBuildFile; fileRef = 3ED39BB723E155AC008A631B /* WorkoutTimer WatchKit Extension.appex */; settings = {ATTRIBUTES = (RemoveHeadersOnCopy, ); }; };
		3ED39BBD23E155AC008A631B /* ContentView.swift in Sources */ = {isa = PBXBuildFile; fileRef = 3ED39BBC23E155AC008A631B /* ContentView.swift */; };
		3ED39BBF23E155AC008A631B /* HostingController.swift in Sources */ = {isa = PBXBuildFile; fileRef = 3ED39BBE23E155AC008A631B /* HostingController.swift */; };
		3ED39BC123E155AC008A631B /* ExtensionDelegate.swift in Sources */ = {isa = PBXBuildFile; fileRef = 3ED39BC023E155AC008A631B /* ExtensionDelegate.swift */; };
		3ED39BC323E155AD008A631B /* Assets.xcassets in Resources */ = {isa = PBXBuildFile; fileRef = 3ED39BC223E155AD008A631B /* Assets.xcassets */; };
		3ED39BC623E155AD008A631B /* Preview Assets.xcassets in Resources */ = {isa = PBXBuildFile; fileRef = 3ED39BC523E155AD008A631B /* Preview Assets.xcassets */; };
		3ED39BDB23E16685008A631B /* TimerView.swift in Sources */ = {isa = PBXBuildFile; fileRef = 3ED39BDA23E16685008A631B /* TimerView.swift */; };
		3ED39BDD23E166FC008A631B /* SettingsView.swift in Sources */ = {isa = PBXBuildFile; fileRef = 3ED39BDC23E166FC008A631B /* SettingsView.swift */; };
/* End PBXBuildFile section */

/* Begin PBXContainerItemProxy section */
		3ED39BAA23E155AA008A631B /* PBXContainerItemProxy */ = {
			isa = PBXContainerItemProxy;
			containerPortal = 3ED39B9E23E155AA008A631B /* Project object */;
			proxyType = 1;
			remoteGlobalIDString = 3ED39BA723E155AA008A631B;
			remoteInfo = "WorkoutTimer WatchKit App";
		};
		3ED39BB923E155AC008A631B /* PBXContainerItemProxy */ = {
			isa = PBXContainerItemProxy;
			containerPortal = 3ED39B9E23E155AA008A631B /* Project object */;
			proxyType = 1;
			remoteGlobalIDString = 3ED39BB623E155AC008A631B;
			remoteInfo = "WorkoutTimer WatchKit Extension";
		};
/* End PBXContainerItemProxy section */

/* Begin PBXCopyFilesBuildPhase section */
		3ED39BCD23E155AD008A631B /* Embed App Extensions */ = {
			isa = PBXCopyFilesBuildPhase;
			buildActionMask = 2147483647;
			dstPath = "";
			dstSubfolderSpec = 13;
			files = (
				3ED39BB823E155AC008A631B /* WorkoutTimer WatchKit Extension.appex in Embed App Extensions */,
			);
			name = "Embed App Extensions";
			runOnlyForDeploymentPostprocessing = 0;
		};
		3ED39BD123E155AD008A631B /* Embed Watch Content */ = {
			isa = PBXCopyFilesBuildPhase;
			buildActionMask = 2147483647;
			dstPath = "$(CONTENTS_FOLDER_PATH)/Watch";
			dstSubfolderSpec = 16;
			files = (
				3ED39BA923E155AA008A631B /* WorkoutTimer WatchKit App.app in Embed Watch Content */,
			);
			name = "Embed Watch Content";
			runOnlyForDeploymentPostprocessing = 0;
		};
/* End PBXCopyFilesBuildPhase section */

/* Begin PBXFileReference section */
		3ED39BA423E155AA008A631B /* WorkoutTimer.app */ = {isa = PBXFileReference; explicitFileType = wrapper.application; includeInIndex = 0; path = WorkoutTimer.app; sourceTree = BUILT_PRODUCTS_DIR; };
		3ED39BA823E155AA008A631B /* WorkoutTimer WatchKit App.app */ = {isa = PBXFileReference; explicitFileType = wrapper.application; includeInIndex = 0; path = "WorkoutTimer WatchKit App.app"; sourceTree = BUILT_PRODUCTS_DIR; };
		3ED39BAE23E155AA008A631B /* Base */ = {isa = PBXFileReference; lastKnownFileType = file.storyboard; name = Base; path = Base.lproj/Interface.storyboard; sourceTree = "<group>"; };
		3ED39BB023E155AC008A631B /* Assets.xcassets */ = {isa = PBXFileReference; lastKnownFileType = folder.assetcatalog; path = Assets.xcassets; sourceTree = "<group>"; };
		3ED39BB223E155AC008A631B /* Info.plist */ = {isa = PBXFileReference; lastKnownFileType = text.plist.xml; path = Info.plist; sourceTree = "<group>"; };
		3ED39BB723E155AC008A631B /* WorkoutTimer WatchKit Extension.appex */ = {isa = PBXFileReference; explicitFileType = "wrapper.app-extension"; includeInIndex = 0; path = "WorkoutTimer WatchKit Extension.appex"; sourceTree = BUILT_PRODUCTS_DIR; };
		3ED39BBC23E155AC008A631B /* ContentView.swift */ = {isa = PBXFileReference; lastKnownFileType = sourcecode.swift; path = ContentView.swift; sourceTree = "<group>"; };
		3ED39BBE23E155AC008A631B /* HostingController.swift */ = {isa = PBXFileReference; lastKnownFileType = sourcecode.swift; path = HostingController.swift; sourceTree = "<group>"; };
		3ED39BC023E155AC008A631B /* ExtensionDelegate.swift */ = {isa = PBXFileReference; lastKnownFileType = sourcecode.swift; path = ExtensionDelegate.swift; sourceTree = "<group>"; };
		3ED39BC223E155AD008A631B /* Assets.xcassets */ = {isa = PBXFileReference; lastKnownFileType = folder.assetcatalog; path = Assets.xcassets; sourceTree = "<group>"; };
		3ED39BC523E155AD008A631B /* Preview Assets.xcassets */ = {isa = PBXFileReference; lastKnownFileType = folder.assetcatalog; path = "Preview Assets.xcassets"; sourceTree = "<group>"; };
		3ED39BC723E155AD008A631B /* Info.plist */ = {isa = PBXFileReference; lastKnownFileType = text.plist.xml; path = Info.plist; sourceTree = "<group>"; };
		3ED39BDA23E16685008A631B /* TimerView.swift */ = {isa = PBXFileReference; lastKnownFileType = sourcecode.swift; path = TimerView.swift; sourceTree = "<group>"; };
		3ED39BDC23E166FC008A631B /* SettingsView.swift */ = {isa = PBXFileReference; lastKnownFileType = sourcecode.swift; path = SettingsView.swift; sourceTree = "<group>"; };
/* End PBXFileReference section */

/* Begin PBXFrameworksBuildPhase section */
		3ED39BB423E155AC008A631B /* Frameworks */ = {
			isa = PBXFrameworksBuildPhase;
			buildActionMask = 2147483647;
			files = (
			);
			runOnlyForDeploymentPostprocessing = 0;
		};
/* End PBXFrameworksBuildPhase section */

/* Begin PBXGroup section */
		3ED39B9D23E155AA008A631B = {
			isa = PBXGroup;
			children = (
				3ED39BAC23E155AA008A631B /* WorkoutTimer WatchKit App */,
				3ED39BBB23E155AC008A631B /* WorkoutTimer WatchKit Extension */,
				3ED39BA523E155AA008A631B /* Products */,
			);
			sourceTree = "<group>";
		};
		3ED39BA523E155AA008A631B /* Products */ = {
			isa = PBXGroup;
			children = (
				3ED39BA423E155AA008A631B /* WorkoutTimer.app */,
				3ED39BA823E155AA008A631B /* WorkoutTimer WatchKit App.app */,
				3ED39BB723E155AC008A631B /* WorkoutTimer WatchKit Extension.appex */,
			);
			name = Products;
			sourceTree = "<group>";
		};
		3ED39BAC23E155AA008A631B /* WorkoutTimer WatchKit App */ = {
			isa = PBXGroup;
			children = (
				3ED39BAD23E155AA008A631B /* Interface.storyboard */,
				3ED39BB023E155AC008A631B /* Assets.xcassets */,
				3ED39BB223E155AC008A631B /* Info.plist */,
			);
			path = "WorkoutTimer WatchKit App";
			sourceTree = "<group>";
		};
		3ED39BBB23E155AC008A631B /* WorkoutTimer WatchKit Extension */ = {
			isa = PBXGroup;
			children = (
				3ED39BBC23E155AC008A631B /* ContentView.swift */,
				3ED39BDA23E16685008A631B /* TimerView.swift */,
				3ED39BDC23E166FC008A631B /* SettingsView.swift */,
				3ED39BBE23E155AC008A631B /* HostingController.swift */,
				3ED39BC023E155AC008A631B /* ExtensionDelegate.swift */,
				3ED39BC223E155AD008A631B /* Assets.xcassets */,
				3ED39BC723E155AD008A631B /* Info.plist */,
				3ED39BC423E155AD008A631B /* Preview Content */,
			);
			path = "WorkoutTimer WatchKit Extension";
			sourceTree = "<group>";
		};
		3ED39BC423E155AD008A631B /* Preview Content */ = {
			isa = PBXGroup;
			children = (
				3ED39BC523E155AD008A631B /* Preview Assets.xcassets */,
			);
			path = "Preview Content";
			sourceTree = "<group>";
		};
/* End PBXGroup section */

/* Begin PBXNativeTarget section */
		3ED39BA323E155AA008A631B /* WorkoutTimer */ = {
			isa = PBXNativeTarget;
			buildConfigurationList = 3ED39BD223E155AD008A631B /* Build configuration list for PBXNativeTarget "WorkoutTimer" */;
			buildPhases = (
				3ED39BA223E155AA008A631B /* Resources */,
				3ED39BD123E155AD008A631B /* Embed Watch Content */,
			);
			buildRules = (
			);
			dependencies = (
				3ED39BAB23E155AA008A631B /* PBXTargetDependency */,
			);
			name = WorkoutTimer;
			productName = WorkoutTimer;
			productReference = 3ED39BA423E155AA008A631B /* WorkoutTimer.app */;
			productType = "com.apple.product-type.application.watchapp2-container";
		};
		3ED39BA723E155AA008A631B /* WorkoutTimer WatchKit App */ = {
			isa = PBXNativeTarget;
			buildConfigurationList = 3ED39BCE23E155AD008A631B /* Build configuration list for PBXNativeTarget "WorkoutTimer WatchKit App" */;
			buildPhases = (
				3ED39BA623E155AA008A631B /* Resources */,
				3ED39BCD23E155AD008A631B /* Embed App Extensions */,
			);
			buildRules = (
			);
			dependencies = (
				3ED39BBA23E155AC008A631B /* PBXTargetDependency */,
			);
			name = "WorkoutTimer WatchKit App";
			productName = "WorkoutTimer WatchKit App";
			productReference = 3ED39BA823E155AA008A631B /* WorkoutTimer WatchKit App.app */;
			productType = "com.apple.product-type.application.watchapp2";
		};
		3ED39BB623E155AC008A631B /* WorkoutTimer WatchKit Extension */ = {
			isa = PBXNativeTarget;
			buildConfigurationList = 3ED39BCA23E155AD008A631B /* Build configuration list for PBXNativeTarget "WorkoutTimer WatchKit Extension" */;
			buildPhases = (
				3ED39BB323E155AC008A631B /* Sources */,
				3ED39BB423E155AC008A631B /* Frameworks */,
				3ED39BB523E155AC008A631B /* Resources */,
			);
			buildRules = (
			);
			dependencies = (
			);
			name = "WorkoutTimer WatchKit Extension";
			productName = "WorkoutTimer WatchKit Extension";
			productReference = 3ED39BB723E155AC008A631B /* WorkoutTimer WatchKit Extension.appex */;
			productType = "com.apple.product-type.watchkit2-extension";
		};
/* End PBXNativeTarget section */

/* Begin PBXProject section */
		3ED39B9E23E155AA008A631B /* Project object */ = {
			isa = PBXProject;
			attributes = {
				LastSwiftUpdateCheck = 1130;
				LastUpgradeCheck = 1130;
				ORGANIZATIONNAME = "Stephen Fung";
				TargetAttributes = {
					3ED39BA323E155AA008A631B = {
						CreatedOnToolsVersion = 11.3.1;
					};
					3ED39BA723E155AA008A631B = {
						CreatedOnToolsVersion = 11.3.1;
					};
					3ED39BB623E155AC008A631B = {
						CreatedOnToolsVersion = 11.3.1;
					};
				};
			};
			buildConfigurationList = 3ED39BA123E155AA008A631B /* Build configuration list for PBXProject "WorkoutTimer" */;
			compatibilityVersion = "Xcode 9.3";
			developmentRegion = en;
			hasScannedForEncodings = 0;
			knownRegions = (
				en,
				Base,
			);
			mainGroup = 3ED39B9D23E155AA008A631B;
			productRefGroup = 3ED39BA523E155AA008A631B /* Products */;
			projectDirPath = "";
			projectRoot = "";
			targets = (
				3ED39BA323E155AA008A631B /* WorkoutTimer */,
				3ED39BA723E155AA008A631B /* WorkoutTimer WatchKit App */,
				3ED39BB623E155AC008A631B /* WorkoutTimer WatchKit Extension */,
			);
		};
/* End PBXProject section */

/* Begin PBXResourcesBuildPhase section */
		3ED39BA223E155AA008A631B /* Resources */ = {
			isa = PBXResourcesBuildPhase;
			buildActionMask = 2147483647;
			files = (
			);
			runOnlyForDeploymentPostprocessing = 0;
		};
		3ED39BA623E155AA008A631B /* Resources */ = {
			isa = PBXResourcesBuildPhase;
			buildActionMask = 2147483647;
			files = (
				3ED39BB123E155AC008A631B /* Assets.xcassets in Resources */,
				3ED39BAF23E155AA008A631B /* Interface.storyboard in Resources */,
			);
			runOnlyForDeploymentPostprocessing = 0;
		};
		3ED39BB523E155AC008A631B /* Resources */ = {
			isa = PBXResourcesBuildPhase;
			buildActionMask = 2147483647;
			files = (
				3ED39BC623E155AD008A631B /* Preview Assets.xcassets in Resources */,
				3ED39BC323E155AD008A631B /* Assets.xcassets in Resources */,
			);
			runOnlyForDeploymentPostprocessing = 0;
		};
/* End PBXResourcesBuildPhase section */

/* Begin PBXSourcesBuildPhase section */
		3ED39BB323E155AC008A631B /* Sources */ = {
			isa = PBXSourcesBuildPhase;
			buildActionMask = 2147483647;
			files = (
				3ED39BDD23E166FC008A631B /* SettingsView.swift in Sources */,
				3ED39BBF23E155AC008A631B /* HostingController.swift in Sources */,
				3ED39BBD23E155AC008A631B /* ContentView.swift in Sources */,
				3ED39BDB23E16685008A631B /* TimerView.swift in Sources */,
				3ED39BC123E155AC008A631B /* ExtensionDelegate.swift in Sources */,
			);
			runOnlyForDeploymentPostprocessing = 0;
		};
/* End PBXSourcesBuildPhase section */

/* Begin PBXTargetDependency section */
		3ED39BAB23E155AA008A631B /* PBXTargetDependency */ = {
			isa = PBXTargetDependency;
			target = 3ED39BA723E155AA008A631B /* WorkoutTimer WatchKit App */;
			targetProxy = 3ED39BAA23E155AA008A631B /* PBXContainerItemProxy */;
		};
		3ED39BBA23E155AC008A631B /* PBXTargetDependency */ = {
			isa = PBXTargetDependency;
			target = 3ED39BB623E155AC008A631B /* WorkoutTimer WatchKit Extension */;
			targetProxy = 3ED39BB923E155AC008A631B /* PBXContainerItemProxy */;
		};
/* End PBXTargetDependency section */

/* Begin PBXVariantGroup section */
		3ED39BAD23E155AA008A631B /* Interface.storyboard */ = {
			isa = PBXVariantGroup;
			children = (
				3ED39BAE23E155AA008A631B /* Base */,
			);
			name = Interface.storyboard;
			sourceTree = "<group>";
		};
/* End PBXVariantGroup section */

/* Begin XCBuildConfiguration section */
		3ED39BC823E155AD008A631B /* Debug */ = {
			isa = XCBuildConfiguration;
			buildSettings = {
				ALWAYS_SEARCH_USER_PATHS = NO;
				CLANG_ANALYZER_NONNULL = YES;
				CLANG_ANALYZER_NUMBER_OBJECT_CONVERSION = YES_AGGRESSIVE;
				CLANG_CXX_LANGUAGE_STANDARD = "gnu++14";
				CLANG_CXX_LIBRARY = "libc++";
				CLANG_ENABLE_MODULES = YES;
				CLANG_ENABLE_OBJC_ARC = YES;
				CLANG_ENABLE_OBJC_WEAK = YES;
				CLANG_WARN_BLOCK_CAPTURE_AUTORELEASING = YES;
				CLANG_WARN_BOOL_CONVERSION = YES;
				CLANG_WARN_COMMA = YES;
				CLANG_WARN_CONSTANT_CONVERSION = YES;
				CLANG_WARN_DEPRECATED_OBJC_IMPLEMENTATIONS = YES;
				CLANG_WARN_DIRECT_OBJC_ISA_USAGE = YES_ERROR;
				CLANG_WARN_DOCUMENTATION_COMMENTS = YES;
				CLANG_WARN_EMPTY_BODY = YES;
				CLANG_WARN_ENUM_CONVERSION = YES;
				CLANG_WARN_INFINITE_RECURSION = YES;
				CLANG_WARN_INT_CONVERSION = YES;
				CLANG_WARN_NON_LITERAL_NULL_CONVERSION = YES;
				CLANG_WARN_OBJC_IMPLICIT_RETAIN_SELF = YES;
				CLANG_WARN_OBJC_LITERAL_CONVERSION = YES;
				CLANG_WARN_OBJC_ROOT_CLASS = YES_ERROR;
				CLANG_WARN_RANGE_LOOP_ANALYSIS = YES;
				CLANG_WARN_STRICT_PROTOTYPES = YES;
				CLANG_WARN_SUSPICIOUS_MOVE = YES;
				CLANG_WARN_UNGUARDED_AVAILABILITY = YES_AGGRESSIVE;
				CLANG_WARN_UNREACHABLE_CODE = YES;
				CLANG_WARN__DUPLICATE_METHOD_MATCH = YES;
				COPY_PHASE_STRIP = NO;
				DEBUG_INFORMATION_FORMAT = dwarf;
				ENABLE_STRICT_OBJC_MSGSEND = YES;
				ENABLE_TESTABILITY = YES;
				GCC_C_LANGUAGE_STANDARD = gnu11;
				GCC_DYNAMIC_NO_PIC = NO;
				GCC_NO_COMMON_BLOCKS = YES;
				GCC_OPTIMIZATION_LEVEL = 0;
				GCC_PREPROCESSOR_DEFINITIONS = (
					"DEBUG=1",
					"$(inherited)",
				);
				GCC_WARN_64_TO_32_BIT_CONVERSION = YES;
				GCC_WARN_ABOUT_RETURN_TYPE = YES_ERROR;
				GCC_WARN_UNDECLARED_SELECTOR = YES;
				GCC_WARN_UNINITIALIZED_AUTOS = YES_AGGRESSIVE;
				GCC_WARN_UNUSED_FUNCTION = YES;
				GCC_WARN_UNUSED_VARIABLE = YES;
				MTL_ENABLE_DEBUG_INFO = INCLUDE_SOURCE;
				MTL_FAST_MATH = YES;
				ONLY_ACTIVE_ARCH = YES;
				SDKROOT = iphoneos;
				SWIFT_ACTIVE_COMPILATION_CONDITIONS = DEBUG;
				SWIFT_OPTIMIZATION_LEVEL = "-Onone";
			};
			name = Debug;
		};
		3ED39BC923E155AD008A631B /* Release */ = {
			isa = XCBuildConfiguration;
			buildSettings = {
				ALWAYS_SEARCH_USER_PATHS = NO;
				CLANG_ANALYZER_NONNULL = YES;
				CLANG_ANALYZER_NUMBER_OBJECT_CONVERSION = YES_AGGRESSIVE;
				CLANG_CXX_LANGUAGE_STANDARD = "gnu++14";
				CLANG_CXX_LIBRARY = "libc++";
				CLANG_ENABLE_MODULES = YES;
				CLANG_ENABLE_OBJC_ARC = YES;
				CLANG_ENABLE_OBJC_WEAK = YES;
				CLANG_WARN_BLOCK_CAPTURE_AUTORELEASING = YES;
				CLANG_WARN_BOOL_CONVERSION = YES;
				CLANG_WARN_COMMA = YES;
				CLANG_WARN_CONSTANT_CONVERSION = YES;
				CLANG_WARN_DEPRECATED_OBJC_IMPLEMENTATIONS = YES;
				CLANG_WARN_DIRECT_OBJC_ISA_USAGE = YES_ERROR;
				CLANG_WARN_DOCUMENTATION_COMMENTS = YES;
				CLANG_WARN_EMPTY_BODY = YES;
				CLANG_WARN_ENUM_CONVERSION = YES;
				CLANG_WARN_INFINITE_RECURSION = YES;
				CLANG_WARN_INT_CONVERSION = YES;
				CLANG_WARN_NON_LITERAL_NULL_CONVERSION = YES;
				CLANG_WARN_OBJC_IMPLICIT_RETAIN_SELF = YES;
				CLANG_WARN_OBJC_LITERAL_CONVERSION = YES;
				CLANG_WARN_OBJC_ROOT_CLASS = YES_ERROR;
				CLANG_WARN_RANGE_LOOP_ANALYSIS = YES;
				CLANG_WARN_STRICT_PROTOTYPES = YES;
				CLANG_WARN_SUSPICIOUS_MOVE = YES;
				CLANG_WARN_UNGUARDED_AVAILABILITY = YES_AGGRESSIVE;
				CLANG_WARN_UNREACHABLE_CODE = YES;
				CLANG_WARN__DUPLICATE_METHOD_MATCH = YES;
				COPY_PHASE_STRIP = NO;
				DEBUG_INFORMATION_FORMAT = "dwarf-with-dsym";
				ENABLE_NS_ASSERTIONS = NO;
				ENABLE_STRICT_OBJC_MSGSEND = YES;
				GCC_C_LANGUAGE_STANDARD = gnu11;
				GCC_NO_COMMON_BLOCKS = YES;
				GCC_WARN_64_TO_32_BIT_CONVERSION = YES;
				GCC_WARN_ABOUT_RETURN_TYPE = YES_ERROR;
				GCC_WARN_UNDECLARED_SELECTOR = YES;
				GCC_WARN_UNINITIALIZED_AUTOS = YES_AGGRESSIVE;
				GCC_WARN_UNUSED_FUNCTION = YES;
				GCC_WARN_UNUSED_VARIABLE = YES;
				MTL_ENABLE_DEBUG_INFO = NO;
				MTL_FAST_MATH = YES;
				SDKROOT = iphoneos;
				SWIFT_COMPILATION_MODE = wholemodule;
				SWIFT_OPTIMIZATION_LEVEL = "-O";
				VALIDATE_PRODUCT = YES;
			};
			name = Release;
		};
		3ED39BCB23E155AD008A631B /* Debug */ = {
			isa = XCBuildConfiguration;
			buildSettings = {
				ASSETCATALOG_COMPILER_COMPLICATION_NAME = Complication;
				CODE_SIGN_STYLE = Automatic;
				DEVELOPMENT_ASSET_PATHS = "\"WorkoutTimer WatchKit Extension/Preview Content\"";
				DEVELOPMENT_TEAM = 4KBD465JXX;
				ENABLE_PREVIEWS = YES;
				INFOPLIST_FILE = "WorkoutTimer WatchKit Extension/Info.plist";
				LD_RUNPATH_SEARCH_PATHS = (
					"$(inherited)",
					"@executable_path/Frameworks",
					"@executable_path/../../Frameworks",
				);
				PRODUCT_BUNDLE_IDENTIFIER = edu.buffalo.sfung3.WorkoutTimer.watchkitapp.watchkitextension;
				PRODUCT_NAME = "${TARGET_NAME}";
				SDKROOT = watchos;
				SKIP_INSTALL = YES;
				SWIFT_VERSION = 5.0;
				TARGETED_DEVICE_FAMILY = 4;
				WATCHOS_DEPLOYMENT_TARGET = 6.1;
			};
			name = Debug;
		};
		3ED39BCC23E155AD008A631B /* Release */ = {
			isa = XCBuildConfiguration;
			buildSettings = {
				ASSETCATALOG_COMPILER_COMPLICATION_NAME = Complication;
				CODE_SIGN_STYLE = Automatic;
				DEVELOPMENT_ASSET_PATHS = "\"WorkoutTimer WatchKit Extension/Preview Content\"";
				DEVELOPMENT_TEAM = 4KBD465JXX;
				ENABLE_PREVIEWS = YES;
				INFOPLIST_FILE = "WorkoutTimer WatchKit Extension/Info.plist";
				LD_RUNPATH_SEARCH_PATHS = (
					"$(inherited)",
					"@executable_path/Frameworks",
					"@executable_path/../../Frameworks",
				);
				PRODUCT_BUNDLE_IDENTIFIER = edu.buffalo.sfung3.WorkoutTimer.watchkitapp.watchkitextension;
				PRODUCT_NAME = "${TARGET_NAME}";
				SDKROOT = watchos;
				SKIP_INSTALL = YES;
				SWIFT_VERSION = 5.0;
				TARGETED_DEVICE_FAMILY = 4;
				WATCHOS_DEPLOYMENT_TARGET = 6.1;
			};
			name = Release;
		};
		3ED39BCF23E155AD008A631B /* Debug */ = {
			isa = XCBuildConfiguration;
			buildSettings = {
				ALWAYS_EMBED_SWIFT_STANDARD_LIBRARIES = YES;
				ASSETCATALOG_COMPILER_APPICON_NAME = AppIcon;
				CODE_SIGN_STYLE = Automatic;
				DEVELOPMENT_TEAM = 4KBD465JXX;
				IBSC_MODULE = WorkoutTimer_WatchKit_Extension;
				INFOPLIST_FILE = "WorkoutTimer WatchKit App/Info.plist";
				PRODUCT_BUNDLE_IDENTIFIER = edu.buffalo.sfung3.WorkoutTimer.watchkitapp;
				PRODUCT_NAME = "$(TARGET_NAME)";
				SDKROOT = watchos;
				SKIP_INSTALL = YES;
				SWIFT_VERSION = 5.0;
				TARGETED_DEVICE_FAMILY = 4;
				WATCHOS_DEPLOYMENT_TARGET = 6.1;
			};
			name = Debug;
		};
		3ED39BD023E155AD008A631B /* Release */ = {
			isa = XCBuildConfiguration;
			buildSettings = {
				ALWAYS_EMBED_SWIFT_STANDARD_LIBRARIES = YES;
				ASSETCATALOG_COMPILER_APPICON_NAME = AppIcon;
				CODE_SIGN_STYLE = Automatic;
				DEVELOPMENT_TEAM = 4KBD465JXX;
				IBSC_MODULE = WorkoutTimer_WatchKit_Extension;
				INFOPLIST_FILE = "WorkoutTimer WatchKit App/Info.plist";
				PRODUCT_BUNDLE_IDENTIFIER = edu.buffalo.sfung3.WorkoutTimer.watchkitapp;
				PRODUCT_NAME = "$(TARGET_NAME)";
				SDKROOT = watchos;
				SKIP_INSTALL = YES;
				SWIFT_VERSION = 5.0;
				TARGETED_DEVICE_FAMILY = 4;
				WATCHOS_DEPLOYMENT_TARGET = 6.1;
			};
			name = Release;
		};
		3ED39BD323E155AD008A631B /* Debug */ = {
			isa = XCBuildConfiguration;
			buildSettings = {
				CODE_SIGN_STYLE = Automatic;
				CURRENT_PROJECT_VERSION = 1;
				DEVELOPMENT_TEAM = 4KBD465JXX;
				MARKETING_VERSION = 1.0;
				PRODUCT_BUNDLE_IDENTIFIER = edu.buffalo.sfung3.WorkoutTimer;
				PRODUCT_NAME = "$(TARGET_NAME)";
				SWIFT_VERSION = 5.0;
			};
			name = Debug;
		};
		3ED39BD423E155AD008A631B /* Release */ = {
			isa = XCBuildConfiguration;
			buildSettings = {
				CODE_SIGN_STYLE = Automatic;
				CURRENT_PROJECT_VERSION = 1;
				DEVELOPMENT_TEAM = 4KBD465JXX;
				MARKETING_VERSION = 1.0;
				PRODUCT_BUNDLE_IDENTIFIER = edu.buffalo.sfung3.WorkoutTimer;
				PRODUCT_NAME = "$(TARGET_NAME)";
				SWIFT_VERSION = 5.0;
			};
			name = Release;
		};
/* End XCBuildConfiguration section */

/* Begin XCConfigurationList section */
		3ED39BA123E155AA008A631B /* Build configuration list for PBXProject "WorkoutTimer" */ = {
			isa = XCConfigurationList;
			buildConfigurations = (
				3ED39BC823E155AD008A631B /* Debug */,
				3ED39BC923E155AD008A631B /* Release */,
			);
			defaultConfigurationIsVisible = 0;
			defaultConfigurationName = Release;
		};
		3ED39BCA23E155AD008A631B /* Build configuration list for PBXNativeTarget "WorkoutTimer WatchKit Extension" */ = {
			isa = XCConfigurationList;
			buildConfigurations = (
				3ED39BCB23E155AD008A631B /* Debug */,
				3ED39BCC23E155AD008A631B /* Release */,
			);
			defaultConfigurationIsVisible = 0;
			defaultConfigurationName = Release;
		};
		3ED39BCE23E155AD008A631B /* Build configuration list for PBXNativeTarget "WorkoutTimer WatchKit App" */ = {
			isa = XCConfigurationList;
			buildConfigurations = (
				3ED39BCF23E155AD008A631B /* Debug */,
				3ED39BD023E155AD008A631B /* Release */,
			);
			defaultConfigurationIsVisible = 0;
			defaultConfigurationName = Release;
		};
		3ED39BD223E155AD008A631B /* Build configuration list for PBXNativeTarget "WorkoutTimer" */ = {
			isa = XCConfigurationList;
			buildConfigurations = (
				3ED39BD323E155AD008A631B /* Debug */,
				3ED39BD423E155AD008A631B /* Release */,
			);
			defaultConfigurationIsVisible = 0;
			defaultConfigurationName = Release;
		};
/* End XCConfigurationList section */
	};
	rootObject = 3ED39B9E23E155AA008A631B /* Project object */;
}
